// !$*UTF8*$!
{
	archiveVersion = 1;
	classes = {
	};
	objectVersion = 46;
	objects = {

/* Begin PBXBuildFile section */
		7364AFE31C4A7EA900509138 /* AppDelegate.swift in Sources */ = {isa = PBXBuildFile; fileRef = 7364AFE21C4A7EA900509138 /* AppDelegate.swift */; };
		7364AFE51C4A7EA900509138 /* ViewController.swift in Sources */ = {isa = PBXBuildFile; fileRef = 7364AFE41C4A7EA900509138 /* ViewController.swift */; };
		7364AFE81C4A7EA900509138 /* Main.storyboard in Resources */ = {isa = PBXBuildFile; fileRef = 7364AFE61C4A7EA900509138 /* Main.storyboard */; };
		7364AFEA1C4A7EA900509138 /* Assets.xcassets in Resources */ = {isa = PBXBuildFile; fileRef = 7364AFE91C4A7EA900509138 /* Assets.xcassets */; };
		7364AFED1C4A7EA900509138 /* LaunchScreen.storyboard in Resources */ = {isa = PBXBuildFile; fileRef = 7364AFEB1C4A7EA900509138 /* LaunchScreen.storyboard */; };
		7364AFF81C4A7EA900509138 /* rtStream_mpcTests.swift in Sources */ = {isa = PBXBuildFile; fileRef = 7364AFF71C4A7EA900509138 /* rtStream_mpcTests.swift */; };
		7364B0031C4A7EA900509138 /* rtStream_mpcUITests.swift in Sources */ = {isa = PBXBuildFile; fileRef = 7364B0021C4A7EA900509138 /* rtStream_mpcUITests.swift */; };
		7364B0131C56338600509138 /* MCManager.swift in Sources */ = {isa = PBXBuildFile; fileRef = 7364B0121C56338500509138 /* MCManager.swift */; };
		73B62B731C5817DE0000B713 /* rtStream.swift in Sources */ = {isa = PBXBuildFile; fileRef = 73B62B721C5817DE0000B713 /* rtStream.swift */; };
		73B62B751C5957AC0000B713 /* ControlChanelManager.swift in Sources */ = {isa = PBXBuildFile; fileRef = 73B62B741C5957AC0000B713 /* ControlChanelManager.swift */; };
/* End PBXBuildFile section */

/* Begin PBXContainerItemProxy section */
		7364AFF41C4A7EA900509138 /* PBXContainerItemProxy */ = {
			isa = PBXContainerItemProxy;
			containerPortal = 7364AFD71C4A7EA900509138 /* Project object */;
			proxyType = 1;
			remoteGlobalIDString = 7364AFDE1C4A7EA900509138;
			remoteInfo = "rtStream-mpc";
		};
		7364AFFF1C4A7EA900509138 /* PBXContainerItemProxy */ = {
			isa = PBXContainerItemProxy;
			containerPortal = 7364AFD71C4A7EA900509138 /* Project object */;
			proxyType = 1;
			remoteGlobalIDString = 7364AFDE1C4A7EA900509138;
			remoteInfo = "rtStream-mpc";
		};
/* End PBXContainerItemProxy section */

/* Begin PBXFileReference section */
		7364AFDF1C4A7EA900509138 /* rtStream-mpc.app */ = {isa = PBXFileReference; explicitFileType = wrapper.application; includeInIndex = 0; path = "rtStream-mpc.app"; sourceTree = BUILT_PRODUCTS_DIR; };
		7364AFE21C4A7EA900509138 /* AppDelegate.swift */ = {isa = PBXFileReference; lastKnownFileType = sourcecode.swift; path = AppDelegate.swift; sourceTree = "<group>"; };
		7364AFE41C4A7EA900509138 /* ViewController.swift */ = {isa = PBXFileReference; lastKnownFileType = sourcecode.swift; path = ViewController.swift; sourceTree = "<group>"; };
		7364AFE71C4A7EA900509138 /* Base */ = {isa = PBXFileReference; lastKnownFileType = file.storyboard; name = Base; path = Base.lproj/Main.storyboard; sourceTree = "<group>"; };
		7364AFE91C4A7EA900509138 /* Assets.xcassets */ = {isa = PBXFileReference; lastKnownFileType = folder.assetcatalog; path = Assets.xcassets; sourceTree = "<group>"; };
		7364AFEC1C4A7EA900509138 /* Base */ = {isa = PBXFileReference; lastKnownFileType = file.storyboard; name = Base; path = Base.lproj/LaunchScreen.storyboard; sourceTree = "<group>"; };
		7364AFEE1C4A7EA900509138 /* Info.plist */ = {isa = PBXFileReference; lastKnownFileType = text.plist.xml; path = Info.plist; sourceTree = "<group>"; };
		7364AFF31C4A7EA900509138 /* rtStream-mpcTests.xctest */ = {isa = PBXFileReference; explicitFileType = wrapper.cfbundle; includeInIndex = 0; path = "rtStream-mpcTests.xctest"; sourceTree = BUILT_PRODUCTS_DIR; };
		7364AFF71C4A7EA900509138 /* rtStream_mpcTests.swift */ = {isa = PBXFileReference; lastKnownFileType = sourcecode.swift; path = rtStream_mpcTests.swift; sourceTree = "<group>"; };
		7364AFF91C4A7EA900509138 /* Info.plist */ = {isa = PBXFileReference; lastKnownFileType = text.plist.xml; path = Info.plist; sourceTree = "<group>"; };
		7364AFFE1C4A7EA900509138 /* rtStream-mpcUITests.xctest */ = {isa = PBXFileReference; explicitFileType = wrapper.cfbundle; includeInIndex = 0; path = "rtStream-mpcUITests.xctest"; sourceTree = BUILT_PRODUCTS_DIR; };
		7364B0021C4A7EA900509138 /* rtStream_mpcUITests.swift */ = {isa = PBXFileReference; lastKnownFileType = sourcecode.swift; path = rtStream_mpcUITests.swift; sourceTree = "<group>"; };
		7364B0041C4A7EA900509138 /* Info.plist */ = {isa = PBXFileReference; lastKnownFileType = text.plist.xml; path = Info.plist; sourceTree = "<group>"; };
		7364B0121C56338500509138 /* MCManager.swift */ = {isa = PBXFileReference; fileEncoding = 4; lastKnownFileType = sourcecode.swift; path = MCManager.swift; sourceTree = "<group>"; };
		73B62B721C5817DE0000B713 /* rtStream.swift */ = {isa = PBXFileReference; fileEncoding = 4; lastKnownFileType = sourcecode.swift; path = rtStream.swift; sourceTree = "<group>"; };
		73B62B741C5957AC0000B713 /* ControlChanelManager.swift */ = {isa = PBXFileReference; fileEncoding = 4; lastKnownFileType = sourcecode.swift; path = ControlChanelManager.swift; sourceTree = "<group>"; };
/* End PBXFileReference section */

/* Begin PBXFrameworksBuildPhase section */
		7364AFDC1C4A7EA900509138 /* Frameworks */ = {
			isa = PBXFrameworksBuildPhase;
			buildActionMask = 2147483647;
			files = (
			);
			runOnlyForDeploymentPostprocessing = 0;
		};
		7364AFF01C4A7EA900509138 /* Frameworks */ = {
			isa = PBXFrameworksBuildPhase;
			buildActionMask = 2147483647;
			files = (
			);
			runOnlyForDeploymentPostprocessing = 0;
		};
		7364AFFB1C4A7EA900509138 /* Frameworks */ = {
			isa = PBXFrameworksBuildPhase;
			buildActionMask = 2147483647;
			files = (
			);
			runOnlyForDeploymentPostprocessing = 0;
		};
/* End PBXFrameworksBuildPhase section */

/* Begin PBXGroup section */
		7364AFD61C4A7EA900509138 = {
			isa = PBXGroup;
			children = (
				7364AFE11C4A7EA900509138 /* rtStream-mpc */,
				7364AFF61C4A7EA900509138 /* rtStream-mpcTests */,
				7364B0011C4A7EA900509138 /* rtStream-mpcUITests */,
				7364AFE01C4A7EA900509138 /* Products */,
			);
			sourceTree = "<group>";
		};
		7364AFE01C4A7EA900509138 /* Products */ = {
			isa = PBXGroup;
			children = (
				7364AFDF1C4A7EA900509138 /* rtStream-mpc.app */,
				7364AFF31C4A7EA900509138 /* rtStream-mpcTests.xctest */,
				7364AFFE1C4A7EA900509138 /* rtStream-mpcUITests.xctest */,
			);
			name = Products;
			sourceTree = "<group>";
		};
		7364AFE11C4A7EA900509138 /* rtStream-mpc */ = {
			isa = PBXGroup;
			children = (
				7364AFE21C4A7EA900509138 /* AppDelegate.swift */,
				7364AFE41C4A7EA900509138 /* ViewController.swift */,
				7364AFE61C4A7EA900509138 /* Main.storyboard */,
				73B62B721C5817DE0000B713 /* rtStream.swift */,
				73B62B741C5957AC0000B713 /* ControlChanelManager.swift */,
				7364B0121C56338500509138 /* MCManager.swift */,
				7364AFE91C4A7EA900509138 /* Assets.xcassets */,
				7364AFEB1C4A7EA900509138 /* LaunchScreen.storyboard */,
				7364AFEE1C4A7EA900509138 /* Info.plist */,
			);
			path = "rtStream-mpc";
			sourceTree = "<group>";
		};
		7364AFF61C4A7EA900509138 /* rtStream-mpcTests */ = {
			isa = PBXGroup;
			children = (
				7364AFF71C4A7EA900509138 /* rtStream_mpcTests.swift */,
				7364AFF91C4A7EA900509138 /* Info.plist */,
			);
			path = "rtStream-mpcTests";
			sourceTree = "<group>";
		};
		7364B0011C4A7EA900509138 /* rtStream-mpcUITests */ = {
			isa = PBXGroup;
			children = (
				7364B0021C4A7EA900509138 /* rtStream_mpcUITests.swift */,
				7364B0041C4A7EA900509138 /* Info.plist */,
			);
			path = "rtStream-mpcUITests";
			sourceTree = "<group>";
		};
/* End PBXGroup section */

/* Begin PBXNativeTarget section */
		7364AFDE1C4A7EA900509138 /* rtStream-mpc */ = {
			isa = PBXNativeTarget;
			buildConfigurationList = 7364B0071C4A7EA900509138 /* Build configuration list for PBXNativeTarget "rtStream-mpc" */;
			buildPhases = (
				7364AFDB1C4A7EA900509138 /* Sources */,
				7364AFDC1C4A7EA900509138 /* Frameworks */,
				7364AFDD1C4A7EA900509138 /* Resources */,
			);
			buildRules = (
			);
			dependencies = (
			);
			name = "rtStream-mpc";
			productName = "rtStream-mpc";
			productReference = 7364AFDF1C4A7EA900509138 /* rtStream-mpc.app */;
			productType = "com.apple.product-type.application";
		};
		7364AFF21C4A7EA900509138 /* rtStream-mpcTests */ = {
			isa = PBXNativeTarget;
			buildConfigurationList = 7364B00A1C4A7EA900509138 /* Build configuration list for PBXNativeTarget "rtStream-mpcTests" */;
			buildPhases = (
				7364AFEF1C4A7EA900509138 /* Sources */,
				7364AFF01C4A7EA900509138 /* Frameworks */,
				7364AFF11C4A7EA900509138 /* Resources */,
			);
			buildRules = (
			);
			dependencies = (
				7364AFF51C4A7EA900509138 /* PBXTargetDependency */,
			);
			name = "rtStream-mpcTests";
			productName = "rtStream-mpcTests";
			productReference = 7364AFF31C4A7EA900509138 /* rtStream-mpcTests.xctest */;
			productType = "com.apple.product-type.bundle.unit-test";
		};
		7364AFFD1C4A7EA900509138 /* rtStream-mpcUITests */ = {
			isa = PBXNativeTarget;
			buildConfigurationList = 7364B00D1C4A7EA900509138 /* Build configuration list for PBXNativeTarget "rtStream-mpcUITests" */;
			buildPhases = (
				7364AFFA1C4A7EA900509138 /* Sources */,
				7364AFFB1C4A7EA900509138 /* Frameworks */,
				7364AFFC1C4A7EA900509138 /* Resources */,
			);
			buildRules = (
			);
			dependencies = (
				7364B0001C4A7EA900509138 /* PBXTargetDependency */,
			);
			name = "rtStream-mpcUITests";
			productName = "rtStream-mpcUITests";
			productReference = 7364AFFE1C4A7EA900509138 /* rtStream-mpcUITests.xctest */;
			productType = "com.apple.product-type.bundle.ui-testing";
		};
/* End PBXNativeTarget section */

/* Begin PBXProject section */
		7364AFD71C4A7EA900509138 /* Project object */ = {
			isa = PBXProject;
			attributes = {
				LastSwiftUpdateCheck = 0720;
				LastUpgradeCheck = 0720;
				ORGANIZATIONNAME = "Jens Woltering";
				TargetAttributes = {
					7364AFDE1C4A7EA900509138 = {
						CreatedOnToolsVersion = 7.2;
					};
					7364AFF21C4A7EA900509138 = {
						CreatedOnToolsVersion = 7.2;
						TestTargetID = 7364AFDE1C4A7EA900509138;
					};
					7364AFFD1C4A7EA900509138 = {
						CreatedOnToolsVersion = 7.2;
						TestTargetID = 7364AFDE1C4A7EA900509138;
					};
				};
			};
			buildConfigurationList = 7364AFDA1C4A7EA900509138 /* Build configuration list for PBXProject "rtStream-mpc" */;
			compatibilityVersion = "Xcode 3.2";
			developmentRegion = English;
			hasScannedForEncodings = 0;
			knownRegions = (
				en,
				Base,
			);
			mainGroup = 7364AFD61C4A7EA900509138;
			productRefGroup = 7364AFE01C4A7EA900509138 /* Products */;
			projectDirPath = "";
			projectRoot = "";
			targets = (
				7364AFDE1C4A7EA900509138 /* rtStream-mpc */,
				7364AFF21C4A7EA900509138 /* rtStream-mpcTests */,
				7364AFFD1C4A7EA900509138 /* rtStream-mpcUITests */,
			);
		};
/* End PBXProject section */

/* Begin PBXResourcesBuildPhase section */
		7364AFDD1C4A7EA900509138 /* Resources */ = {
			isa = PBXResourcesBuildPhase;
			buildActionMask = 2147483647;
			files = (
				7364AFED1C4A7EA900509138 /* LaunchScreen.storyboard in Resources */,
				7364AFEA1C4A7EA900509138 /* Assets.xcassets in Resources */,
				7364AFE81C4A7EA900509138 /* Main.storyboard in Resources */,
			);
			runOnlyForDeploymentPostprocessing = 0;
		};
		7364AFF11C4A7EA900509138 /* Resources */ = {
			isa = PBXResourcesBuildPhase;
			buildActionMask = 2147483647;
			files = (
			);
			runOnlyForDeploymentPostprocessing = 0;
		};
		7364AFFC1C4A7EA900509138 /* Resources */ = {
			isa = PBXResourcesBuildPhase;
			buildActionMask = 2147483647;
			files = (
			);
			runOnlyForDeploymentPostprocessing = 0;
		};
/* End PBXResourcesBuildPhase section */

/* Begin PBXSourcesBuildPhase section */
		7364AFDB1C4A7EA900509138 /* Sources */ = {
			isa = PBXSourcesBuildPhase;
			buildActionMask = 2147483647;
			files = (
				7364AFE51C4A7EA900509138 /* ViewController.swift in Sources */,
				73B62B751C5957AC0000B713 /* ControlChanelManager.swift in Sources */,
				7364B0131C56338600509138 /* MCManager.swift in Sources */,
				7364AFE31C4A7EA900509138 /* AppDelegate.swift in Sources */,
				73B62B731C5817DE0000B713 /* rtStream.swift in Sources */,
			);
			runOnlyForDeploymentPostprocessing = 0;
		};
		7364AFEF1C4A7EA900509138 /* Sources */ = {
			isa = PBXSourcesBuildPhase;
			buildActionMask = 2147483647;
			files = (
				7364AFF81C4A7EA900509138 /* rtStream_mpcTests.swift in Sources */,
			);
			runOnlyForDeploymentPostprocessing = 0;
		};
		7364AFFA1C4A7EA900509138 /* Sources */ = {
			isa = PBXSourcesBuildPhase;
			buildActionMask = 2147483647;
			files = (
				7364B0031C4A7EA900509138 /* rtStream_mpcUITests.swift in Sources */,
			);
			runOnlyForDeploymentPostprocessing = 0;
		};
/* End PBXSourcesBuildPhase section */

/* Begin PBXTargetDependency section */
		7364AFF51C4A7EA900509138 /* PBXTargetDependency */ = {
			isa = PBXTargetDependency;
			target = 7364AFDE1C4A7EA900509138 /* rtStream-mpc */;
			targetProxy = 7364AFF41C4A7EA900509138 /* PBXContainerItemProxy */;
		};
		7364B0001C4A7EA900509138 /* PBXTargetDependency */ = {
			isa = PBXTargetDependency;
			target = 7364AFDE1C4A7EA900509138 /* rtStream-mpc */;
			targetProxy = 7364AFFF1C4A7EA900509138 /* PBXContainerItemProxy */;
		};
/* End PBXTargetDependency section */

/* Begin PBXVariantGroup section */
		7364AFE61C4A7EA900509138 /* Main.storyboard */ = {
			isa = PBXVariantGroup;
			children = (
				7364AFE71C4A7EA900509138 /* Base */,
			);
			name = Main.storyboard;
			sourceTree = "<group>";
		};
		7364AFEB1C4A7EA900509138 /* LaunchScreen.storyboard */ = {
			isa = PBXVariantGroup;
			children = (
				7364AFEC1C4A7EA900509138 /* Base */,
			);
			name = LaunchScreen.storyboard;
			sourceTree = "<group>";
		};
/* End PBXVariantGroup section */

/* Begin XCBuildConfiguration section */
		7364B0051C4A7EA900509138 /* Debug */ = {
			isa = XCBuildConfiguration;
			buildSettings = {
				ALWAYS_SEARCH_USER_PATHS = NO;
				CLANG_CXX_LANGUAGE_STANDARD = "gnu++0x";
				CLANG_CXX_LIBRARY = "libc++";
				CLANG_ENABLE_MODULES = YES;
				CLANG_ENABLE_OBJC_ARC = YES;
				CLANG_WARN_BOOL_CONVERSION = YES;
				CLANG_WARN_CONSTANT_CONVERSION = YES;
				CLANG_WARN_DIRECT_OBJC_ISA_USAGE = YES_ERROR;
				CLANG_WARN_EMPTY_BODY = YES;
				CLANG_WARN_ENUM_CONVERSION = YES;
				CLANG_WARN_INT_CONVERSION = YES;
				CLANG_WARN_OBJC_ROOT_CLASS = YES_ERROR;
				CLANG_WARN_UNREACHABLE_CODE = YES;
				CLANG_WARN__DUPLICATE_METHOD_MATCH = YES;
				"CODE_SIGN_IDENTITY[sdk=iphoneos*]" = "iPhone Developer";
				COPY_PHASE_STRIP = NO;
				DEBUG_INFORMATION_FORMAT = dwarf;
				ENABLE_STRICT_OBJC_MSGSEND = YES;
				ENABLE_TESTABILITY = YES;
				GCC_C_LANGUAGE_STANDARD = gnu99;
				GCC_DYNAMIC_NO_PIC = NO;
				GCC_NO_COMMON_BLOCKS = YES;
				GCC_OPTIMIZATION_LEVEL = 0;
				GCC_PREPROCESSOR_DEFINITIONS = (
					"DEBUG=1",
					"$(inherited)",
				);
				GCC_WARN_64_TO_32_BIT_CONVERSION = YES;
				GCC_WARN_ABOUT_RETURN_TYPE = YES_ERROR;
				GCC_WARN_UNDECLARED_SELECTOR = YES;
				GCC_WARN_UNINITIALIZED_AUTOS = YES_AGGRESSIVE;
				GCC_WARN_UNUSED_FUNCTION = YES;
				GCC_WARN_UNUSED_VARIABLE = YES;
				IPHONEOS_DEPLOYMENT_TARGET = 9.2;
				MTL_ENABLE_DEBUG_INFO = YES;
				ONLY_ACTIVE_ARCH = YES;
				SDKROOT = iphoneos;
				SWIFT_OPTIMIZATION_LEVEL = "-Onone";
				TARGETED_DEVICE_FAMILY = "1,2";
			};
			name = Debug;
		};
		7364B0061C4A7EA900509138 /* Release */ = {
			isa = XCBuildConfiguration;
			buildSettings = {
				ALWAYS_SEARCH_USER_PATHS = NO;
				CLANG_CXX_LANGUAGE_STANDARD = "gnu++0x";
				CLANG_CXX_LIBRARY = "libc++";
				CLANG_ENABLE_MODULES = YES;
				CLANG_ENABLE_OBJC_ARC = YES;
				CLANG_WARN_BOOL_CONVERSION = YES;
				CLANG_WARN_CONSTANT_CONVERSION = YES;
				CLANG_WARN_DIRECT_OBJC_ISA_USAGE = YES_ERROR;
				CLANG_WARN_EMPTY_BODY = YES;
				CLANG_WARN_ENUM_CONVERSION = YES;
				CLANG_WARN_INT_CONVERSION = YES;
				CLANG_WARN_OBJC_ROOT_CLASS = YES_ERROR;
				CLANG_WARN_UNREACHABLE_CODE = YES;
				CLANG_WARN__DUPLICATE_METHOD_MATCH = YES;
				"CODE_SIGN_IDENTITY[sdk=iphoneos*]" = "iPhone Developer";
				COPY_PHASE_STRIP = NO;
				DEBUG_INFORMATION_FORMAT = "dwarf-with-dsym";
				ENABLE_NS_ASSERTIONS = NO;
				ENABLE_STRICT_OBJC_MSGSEND = YES;
				GCC_C_LANGUAGE_STANDARD = gnu99;
				GCC_NO_COMMON_BLOCKS = YES;
				GCC_WARN_64_TO_32_BIT_CONVERSION = YES;
				GCC_WARN_ABOUT_RETURN_TYPE = YES_ERROR;
				GCC_WARN_UNDECLARED_SELECTOR = YES;
				GCC_WARN_UNINITIALIZED_AUTOS = YES_AGGRESSIVE;
				GCC_WARN_UNUSED_FUNCTION = YES;
				GCC_WARN_UNUSED_VARIABLE = YES;
				IPHONEOS_DEPLOYMENT_TARGET = 9.2;
				MTL_ENABLE_DEBUG_INFO = NO;
				SDKROOT = iphoneos;
				TARGETED_DEVICE_FAMILY = "1,2";
				VALIDATE_PRODUCT = YES;
			};
			name = Release;
		};
		7364B0081C4A7EA900509138 /* Debug */ = {
			isa = XCBuildConfiguration;
			buildSettings = {
				ASSETCATALOG_COMPILER_APPICON_NAME = AppIcon;
				INFOPLIST_FILE = "rtStream-mpc/Info.plist";
				IPHONEOS_DEPLOYMENT_TARGET = 7.1;
				LD_RUNPATH_SEARCH_PATHS = "$(inherited) @executable_path/Frameworks";
				PRODUCT_BUNDLE_IDENTIFIER = "de.hamburg.haw.mt.swlab.rtStream-mpc";
				PRODUCT_NAME = "$(TARGET_NAME)";
			};
			name = Debug;
		};
		7364B0091C4A7EA900509138 /* Release */ = {
			isa = XCBuildConfiguration;
			buildSettings = {
				ASSETCATALOG_COMPILER_APPICON_NAME = AppIcon;
				INFOPLIST_FILE = "rtStream-mpc/Info.plist";
				IPHONEOS_DEPLOYMENT_TARGET = 7.1;
				LD_RUNPATH_SEARCH_PATHS = "$(inherited) @executable_path/Frameworks";
				PRODUCT_BUNDLE_IDENTIFIER = "de.hamburg.haw.mt.swlab.rtStream-mpc";
				PRODUCT_NAME = "$(TARGET_NAME)";
			};
			name = Release;
		};
		7364B00B1C4A7EA900509138 /* Debug */ = {
			isa = XCBuildConfiguration;
			buildSettings = {
				BUNDLE_LOADER = "$(TEST_HOST)";
				INFOPLIST_FILE = "rtStream-mpcTests/Info.plist";
				LD_RUNPATH_SEARCH_PATHS = "$(inherited) @executable_path/Frameworks @loader_path/Frameworks";
				PRODUCT_BUNDLE_IDENTIFIER = "de.hamburg.haw.mt.swlab.rtStream-mpcTests";
				PRODUCT_NAME = "$(TARGET_NAME)";
				TEST_HOST = "$(BUILT_PRODUCTS_DIR)/rtStream-mpc.app/rtStream-mpc";
			};
			name = Debug;
		};
		7364B00C1C4A7EA900509138 /* Release */ = {
			isa = XCBuildConfiguration;
			buildSettings = {
				BUNDLE_LOADER = "$(TEST_HOST)";
				INFOPLIST_FILE = "rtStream-mpcTests/Info.plist";
				LD_RUNPATH_SEARCH_PATHS = "$(inherited) @executable_path/Frameworks @loader_path/Frameworks";
				PRODUCT_BUNDLE_IDENTIFIER = "de.hamburg.haw.mt.swlab.rtStream-mpcTests";
				PRODUCT_NAME = "$(TARGET_NAME)";
				TEST_HOST = "$(BUILT_PRODUCTS_DIR)/rtStream-mpc.app/rtStream-mpc";
			};
			name = Release;
		};
		7364B00E1C4A7EA900509138 /* Debug */ = {
			isa = XCBuildConfiguration;
			buildSettings = {
				"CODE_SIGN_ENTITLEMENTS[sdk=*]" = "";
				INFOPLIST_FILE = "rtStream-mpcUITests/Info.plist";
				LD_RUNPATH_SEARCH_PATHS = "$(inherited) @executable_path/Frameworks @loader_path/Frameworks";
				PRODUCT_BUNDLE_IDENTIFIER = "de.hamburg.haw.mt.swlab.rtStream-mpcUITests";
				PRODUCT_NAME = "$(TARGET_NAME)";
				TEST_TARGET_NAME = "rtStream-mpc";
				USES_XCTRUNNER = YES;
			};
			name = Debug;
		};
		7364B00F1C4A7EA900509138 /* Release */ = {
			isa = XCBuildConfiguration;
			buildSettings = {
				INFOPLIST_FILE = "rtStream-mpcUITests/Info.plist";
				LD_RUNPATH_SEARCH_PATHS = "$(inherited) @executable_path/Frameworks @loader_path/Frameworks";
				PRODUCT_BUNDLE_IDENTIFIER = "de.hamburg.haw.mt.swlab.rtStream-mpcUITests";
				PRODUCT_NAME = "$(TARGET_NAME)";
				TEST_TARGET_NAME = "rtStream-mpc";
				USES_XCTRUNNER = YES;
			};
			name = Release;
		};
/* End XCBuildConfiguration section */

/* Begin XCConfigurationList section */
		7364AFDA1C4A7EA900509138 /* Build configuration list for PBXProject "rtStream-mpc" */ = {
			isa = XCConfigurationList;
			buildConfigurations = (
				7364B0051C4A7EA900509138 /* Debug */,
				7364B0061C4A7EA900509138 /* Release */,
			);
			defaultConfigurationIsVisible = 0;
			defaultConfigurationName = Release;
		};
		7364B0071C4A7EA900509138 /* Build configuration list for PBXNativeTarget "rtStream-mpc" */ = {
			isa = XCConfigurationList;
			buildConfigurations = (
				7364B0081C4A7EA900509138 /* Debug */,
				7364B0091C4A7EA900509138 /* Release */,
			);
			defaultConfigurationIsVisible = 0;
			defaultConfigurationName = Release;
		};
		7364B00A1C4A7EA900509138 /* Build configuration list for PBXNativeTarget "rtStream-mpcTests" */ = {
			isa = XCConfigurationList;
			buildConfigurations = (
				7364B00B1C4A7EA900509138 /* Debug */,
				7364B00C1C4A7EA900509138 /* Release */,
			);
			defaultConfigurationIsVisible = 0;
			defaultConfigurationName = Release;
		};
		7364B00D1C4A7EA900509138 /* Build configuration list for PBXNativeTarget "rtStream-mpcUITests" */ = {
			isa = XCConfigurationList;
			buildConfigurations = (
				7364B00E1C4A7EA900509138 /* Debug */,
				7364B00F1C4A7EA900509138 /* Release */,
			);
			defaultConfigurationIsVisible = 0;
			defaultConfigurationName = Release;
		};
/* End XCConfigurationList section */
	};
	rootObject = 7364AFD71C4A7EA900509138 /* Project object */;
}
